
Microsoft Visual Studio Solution File, Format Version 12.00
# Visual Studio Version 16
VisualStudioVersion = 16.0.30717.126
MinimumVisualStudioVersion = 10.0.40219.1
Project("{FAE04EC0-301F-11D3-BF4B-00C04F79EFBC}") = "CoordApp", "CoordApp\CoordApp.csproj", "{52A423D0-F275-4F33-B903-3AF1462820EF}"
EndProject
Global
	GlobalSection(SolutionConfigurationPlatforms) = preSolution
		Debug|Any CPU = Debug|Any CPU
		Release|Any CPU = Release|Any CPU
	EndGlobalSection
	GlobalSection(ProjectConfigurationPlatforms) = postSolution
		{52A423D0-F275-4F33-B903-3AF1462820EF}.Debug|Any CPU.ActiveCfg = Debug|Any CPU
		{52A423D0-F275-4F33-B903-3AF1462820EF}.Debug|Any CPU.Build.0 = Debug|Any CPU
		{52A423D0-F275-4F33-B903-3AF1462820EF}.Release|Any CPU.ActiveCfg = Release|Any CPU
		{52A423D0-F275-4F33-B903-3AF1462820EF}.Release|Any CPU.Build.0 = Release|Any CPU
	EndGlobalSection
	GlobalSection(SolutionProperties) = preSolution
		HideSolutionNode = FALSE
	EndGlobalSection
	GlobalSection(ExtensibilityGlobals) = postSolution
		SolutionGuid = {344DD284-FC9E-4DCF-9230-AD9A16CF9922}
	EndGlobalSection
EndGlobal
